
Microsoft Visual Studio Solution File, Format Version 12.00
# Visual Studio Version 17
VisualStudioVersion = 17.4.33103.184
MinimumVisualStudioVersion = 10.0.40219.1
Project("{FAE04EC0-301F-11D3-BF4B-00C04F79EFBC}") = "shoppingAPI_EF", "shoppingAPI_EF\shoppingAPI_EF.csproj", "{983A4D3E-FB69-4461-918A-D13554601275}"
EndProject
Global
	GlobalSection(SolutionConfigurationPlatforms) = preSolution
		Debug|Any CPU = Debug|Any CPU
		Release|Any CPU = Release|Any CPU
	EndGlobalSection
	GlobalSection(ProjectConfigurationPlatforms) = postSolution
		{983A4D3E-FB69-4461-918A-D13554601275}.Debug|Any CPU.ActiveCfg = Debug|Any CPU
		{983A4D3E-FB69-4461-918A-D13554601275}.Debug|Any CPU.Build.0 = Debug|Any CPU
		{983A4D3E-FB69-4461-918A-D13554601275}.Release|Any CPU.ActiveCfg = Release|Any CPU
		{983A4D3E-FB69-4461-918A-D13554601275}.Release|Any CPU.Build.0 = Release|Any CPU
	EndGlobalSection
	GlobalSection(SolutionProperties) = preSolution
		HideSolutionNode = FALSE
	EndGlobalSection
	GlobalSection(ExtensibilityGlobals) = postSolution
		SolutionGuid = {70CD5F98-DF80-4B6B-B621-2324B77F0CBC}
	EndGlobalSection
EndGlobal
