
Microsoft Visual Studio Solution File, Format Version 12.00
# Visual Studio Version 17
VisualStudioVersion = 17.4.33103.184
MinimumVisualStudioVersion = 10.0.40219.1
Project("{FAE04EC0-301F-11D3-BF4B-00C04F79EFBC}") = "shoppingAPI_inMemoryCollection", "shoppingAPI_inMemoryCollection\shoppingAPI_inMemoryCollection.csproj", "{D2D93E3D-1A38-4A91-BB39-4BC72122DDB2}"
EndProject
Global
	GlobalSection(SolutionConfigurationPlatforms) = preSolution
		Debug|Any CPU = Debug|Any CPU
		Release|Any CPU = Release|Any CPU
	EndGlobalSection
	GlobalSection(ProjectConfigurationPlatforms) = postSolution
		{D2D93E3D-1A38-4A91-BB39-4BC72122DDB2}.Debug|Any CPU.ActiveCfg = Debug|Any CPU
		{D2D93E3D-1A38-4A91-BB39-4BC72122DDB2}.Debug|Any CPU.Build.0 = Debug|Any CPU
		{D2D93E3D-1A38-4A91-BB39-4BC72122DDB2}.Release|Any CPU.ActiveCfg = Release|Any CPU
		{D2D93E3D-1A38-4A91-BB39-4BC72122DDB2}.Release|Any CPU.Build.0 = Release|Any CPU
	EndGlobalSection
	GlobalSection(SolutionProperties) = preSolution
		HideSolutionNode = FALSE
	EndGlobalSection
	GlobalSection(ExtensibilityGlobals) = postSolution
		SolutionGuid = {6085603E-88BB-4EAB-A96B-5E8E2DF7FF17}
	EndGlobalSection
EndGlobal
